// !$*UTF8*$!
{
	archiveVersion = 1;
	classes = {
	};
	objectVersion = 56;
	objects = {

/* Begin PBXBuildFile section */
		DBD118A62AC3EF5000957823 /* main.cpp in Sources */ = {isa = PBXBuildFile; fileRef = DBD118A52AC3EF5000957823 /* main.cpp */; };
		DBD118AE2AC3EF7700957823 /* Laptop.cpp in Sources */ = {isa = PBXBuildFile; fileRef = DBD118AC2AC3EF7700957823 /* Laptop.cpp */; };
		DBD118B12AC3EF8800957823 /* CPU.cpp in Sources */ = {isa = PBXBuildFile; fileRef = DBD118AF2AC3EF8800957823 /* CPU.cpp */; };
		DBD118B42AC3F03E00957823 /* SSD.cpp in Sources */ = {isa = PBXBuildFile; fileRef = DBD118B22AC3F03E00957823 /* SSD.cpp */; };
		DBD118B72AC3F04900957823 /* RAM.cpp in Sources */ = {isa = PBXBuildFile; fileRef = DBD118B52AC3F04900957823 /* RAM.cpp */; };
		DBD118BA2AC3F06E00957823 /* GPU.cpp in Sources */ = {isa = PBXBuildFile; fileRef = DBD118B82AC3F06E00957823 /* GPU.cpp */; };
/* End PBXBuildFile section */

/* Begin PBXCopyFilesBuildPhase section */
		DBD118A02AC3EF5000957823 /* CopyFiles */ = {
			isa = PBXCopyFilesBuildPhase;
			buildActionMask = 2147483647;
			dstPath = /usr/share/man/man1/;
			dstSubfolderSpec = 0;
			files = (
			);
			runOnlyForDeploymentPostprocessing = 1;
		};
/* End PBXCopyFilesBuildPhase section */

/* Begin PBXFileReference section */
		DBD118A22AC3EF5000957823 /* Laptop */ = {isa = PBXFileReference; explicitFileType = "compiled.mach-o.executable"; includeInIndex = 0; path = Laptop; sourceTree = BUILT_PRODUCTS_DIR; };
		DBD118A52AC3EF5000957823 /* main.cpp */ = {isa = PBXFileReference; lastKnownFileType = sourcecode.cpp.cpp; path = main.cpp; sourceTree = "<group>"; };
		DBD118AC2AC3EF7700957823 /* Laptop.cpp */ = {isa = PBXFileReference; lastKnownFileType = sourcecode.cpp.cpp; path = Laptop.cpp; sourceTree = "<group>"; };
		DBD118AD2AC3EF7700957823 /* Laptop.hpp */ = {isa = PBXFileReference; lastKnownFileType = sourcecode.cpp.h; path = Laptop.hpp; sourceTree = "<group>"; };
		DBD118AF2AC3EF8800957823 /* CPU.cpp */ = {isa = PBXFileReference; lastKnownFileType = sourcecode.cpp.cpp; path = CPU.cpp; sourceTree = "<group>"; };
		DBD118B02AC3EF8800957823 /* CPU.hpp */ = {isa = PBXFileReference; lastKnownFileType = sourcecode.cpp.h; path = CPU.hpp; sourceTree = "<group>"; };
		DBD118B22AC3F03E00957823 /* SSD.cpp */ = {isa = PBXFileReference; lastKnownFileType = sourcecode.cpp.cpp; path = SSD.cpp; sourceTree = "<group>"; };
		DBD118B32AC3F03E00957823 /* SSD.hpp */ = {isa = PBXFileReference; lastKnownFileType = sourcecode.cpp.h; path = SSD.hpp; sourceTree = "<group>"; };
		DBD118B52AC3F04900957823 /* RAM.cpp */ = {isa = PBXFileReference; lastKnownFileType = sourcecode.cpp.cpp; path = RAM.cpp; sourceTree = "<group>"; };
		DBD118B62AC3F04900957823 /* RAM.hpp */ = {isa = PBXFileReference; lastKnownFileType = sourcecode.cpp.h; path = RAM.hpp; sourceTree = "<group>"; };
		DBD118B82AC3F06E00957823 /* GPU.cpp */ = {isa = PBXFileReference; lastKnownFileType = sourcecode.cpp.cpp; path = GPU.cpp; sourceTree = "<group>"; };
		DBD118B92AC3F06E00957823 /* GPU.hpp */ = {isa = PBXFileReference; lastKnownFileType = sourcecode.cpp.h; path = GPU.hpp; sourceTree = "<group>"; };
/* End PBXFileReference section */

/* Begin PBXFrameworksBuildPhase section */
		DBD1189F2AC3EF5000957823 /* Frameworks */ = {
			isa = PBXFrameworksBuildPhase;
			buildActionMask = 2147483647;
			files = (
			);
			runOnlyForDeploymentPostprocessing = 0;
		};
/* End PBXFrameworksBuildPhase section */

/* Begin PBXGroup section */
		DBD118992AC3EF5000957823 = {
			isa = PBXGroup;
			children = (
				DBD118A42AC3EF5000957823 /* Laptop */,
				DBD118A32AC3EF5000957823 /* Products */,
			);
			sourceTree = "<group>";
		};
		DBD118A32AC3EF5000957823 /* Products */ = {
			isa = PBXGroup;
			children = (
				DBD118A22AC3EF5000957823 /* Laptop */,
			);
			name = Products;
			sourceTree = "<group>";
		};
		DBD118A42AC3EF5000957823 /* Laptop */ = {
			isa = PBXGroup;
			children = (
				DBD118A52AC3EF5000957823 /* main.cpp */,
				DBD118B82AC3F06E00957823 /* GPU.cpp */,
				DBD118B92AC3F06E00957823 /* GPU.hpp */,
				DBD118B52AC3F04900957823 /* RAM.cpp */,
				DBD118B62AC3F04900957823 /* RAM.hpp */,
				DBD118B22AC3F03E00957823 /* SSD.cpp */,
				DBD118B32AC3F03E00957823 /* SSD.hpp */,
				DBD118AF2AC3EF8800957823 /* CPU.cpp */,
				DBD118B02AC3EF8800957823 /* CPU.hpp */,
				DBD118AC2AC3EF7700957823 /* Laptop.cpp */,
				DBD118AD2AC3EF7700957823 /* Laptop.hpp */,
			);
			path = Laptop;
			sourceTree = "<group>";
		};
/* End PBXGroup section */

/* Begin PBXNativeTarget section */
		DBD118A12AC3EF5000957823 /* Laptop */ = {
			isa = PBXNativeTarget;
			buildConfigurationList = DBD118A92AC3EF5000957823 /* Build configuration list for PBXNativeTarget "Laptop" */;
			buildPhases = (
				DBD1189E2AC3EF5000957823 /* Sources */,
				DBD1189F2AC3EF5000957823 /* Frameworks */,
				DBD118A02AC3EF5000957823 /* CopyFiles */,
			);
			buildRules = (
			);
			dependencies = (
			);
			name = Laptop;
			productName = Laptop;
			productReference = DBD118A22AC3EF5000957823 /* Laptop */;
			productType = "com.apple.product-type.tool";
		};
/* End PBXNativeTarget section */

/* Begin PBXProject section */
		DBD1189A2AC3EF5000957823 /* Project object */ = {
			isa = PBXProject;
			attributes = {
				BuildIndependentTargetsInParallel = 1;
				LastUpgradeCheck = 1500;
				TargetAttributes = {
					DBD118A12AC3EF5000957823 = {
						CreatedOnToolsVersion = 15.0;
					};
				};
			};
			buildConfigurationList = DBD1189D2AC3EF5000957823 /* Build configuration list for PBXProject "Laptop" */;
			compatibilityVersion = "Xcode 14.0";
			developmentRegion = en;
			hasScannedForEncodings = 0;
			knownRegions = (
				en,
				Base,
			);
			mainGroup = DBD118992AC3EF5000957823;
			productRefGroup = DBD118A32AC3EF5000957823 /* Products */;
			projectDirPath = "";
			projectRoot = "";
			targets = (
				DBD118A12AC3EF5000957823 /* Laptop */,
			);
		};
/* End PBXProject section */

/* Begin PBXSourcesBuildPhase section */
		DBD1189E2AC3EF5000957823 /* Sources */ = {
			isa = PBXSourcesBuildPhase;
			buildActionMask = 2147483647;
			files = (
				DBD118BA2AC3F06E00957823 /* GPU.cpp in Sources */,
				DBD118B72AC3F04900957823 /* RAM.cpp in Sources */,
				DBD118B12AC3EF8800957823 /* CPU.cpp in Sources */,
				DBD118A62AC3EF5000957823 /* main.cpp in Sources */,
				DBD118B42AC3F03E00957823 /* SSD.cpp in Sources */,
				DBD118AE2AC3EF7700957823 /* Laptop.cpp in Sources */,
			);
			runOnlyForDeploymentPostprocessing = 0;
		};
/* End PBXSourcesBuildPhase section */

/* Begin XCBuildConfiguration section */
		DBD118A72AC3EF5000957823 /* Debug */ = {
			isa = XCBuildConfiguration;
			buildSettings = {
				ALWAYS_SEARCH_USER_PATHS = NO;
				ASSETCATALOG_COMPILER_GENERATE_SWIFT_ASSET_SYMBOL_EXTENSIONS = YES;
				CLANG_ANALYZER_NONNULL = YES;
				CLANG_ANALYZER_NUMBER_OBJECT_CONVERSION = YES_AGGRESSIVE;
				CLANG_CXX_LANGUAGE_STANDARD = "gnu++20";
				CLANG_ENABLE_MODULES = YES;
				CLANG_ENABLE_OBJC_ARC = YES;
				CLANG_ENABLE_OBJC_WEAK = YES;
				CLANG_WARN_BLOCK_CAPTURE_AUTORELEASING = YES;
				CLANG_WARN_BOOL_CONVERSION = YES;
				CLANG_WARN_COMMA = YES;
				CLANG_WARN_CONSTANT_CONVERSION = YES;
				CLANG_WARN_DEPRECATED_OBJC_IMPLEMENTATIONS = YES;
				CLANG_WARN_DIRECT_OBJC_ISA_USAGE = YES_ERROR;
				CLANG_WARN_DOCUMENTATION_COMMENTS = YES;
				CLANG_WARN_EMPTY_BODY = YES;
				CLANG_WARN_ENUM_CONVERSION = YES;
				CLANG_WARN_INFINITE_RECURSION = YES;
				CLANG_WARN_INT_CONVERSION = YES;
				CLANG_WARN_NON_LITERAL_NULL_CONVERSION = YES;
				CLANG_WARN_OBJC_IMPLICIT_RETAIN_SELF = YES;
				CLANG_WARN_OBJC_LITERAL_CONVERSION = YES;
				CLANG_WARN_OBJC_ROOT_CLASS = YES_ERROR;
				CLANG_WARN_QUOTED_INCLUDE_IN_FRAMEWORK_HEADER = YES;
				CLANG_WARN_RANGE_LOOP_ANALYSIS = YES;
				CLANG_WARN_STRICT_PROTOTYPES = YES;
				CLANG_WARN_SUSPICIOUS_MOVE = YES;
				CLANG_WARN_UNGUARDED_AVAILABILITY = YES_AGGRESSIVE;
				CLANG_WARN_UNREACHABLE_CODE = YES;
				CLANG_WARN__DUPLICATE_METHOD_MATCH = YES;
				COPY_PHASE_STRIP = NO;
				DEBUG_INFORMATION_FORMAT = dwarf;
				ENABLE_STRICT_OBJC_MSGSEND = YES;
				ENABLE_TESTABILITY = YES;
				ENABLE_USER_SCRIPT_SANDBOXING = YES;
				GCC_C_LANGUAGE_STANDARD = gnu17;
				GCC_DYNAMIC_NO_PIC = NO;
				GCC_NO_COMMON_BLOCKS = YES;
				GCC_OPTIMIZATION_LEVEL = 0;
				GCC_PREPROCESSOR_DEFINITIONS = (
					"DEBUG=1",
					"$(inherited)",
				);
				GCC_WARN_64_TO_32_BIT_CONVERSION = YES;
				GCC_WARN_ABOUT_RETURN_TYPE = YES_ERROR;
				GCC_WARN_UNDECLARED_SELECTOR = YES;
				GCC_WARN_UNINITIALIZED_AUTOS = YES_AGGRESSIVE;
				GCC_WARN_UNUSED_FUNCTION = YES;
				GCC_WARN_UNUSED_VARIABLE = YES;
				LOCALIZATION_PREFERS_STRING_CATALOGS = YES;
				MACOSX_DEPLOYMENT_TARGET = 13.5;
				MTL_ENABLE_DEBUG_INFO = INCLUDE_SOURCE;
				MTL_FAST_MATH = YES;
				ONLY_ACTIVE_ARCH = YES;
				SDKROOT = macosx;
			};
			name = Debug;
		};
		DBD118A82AC3EF5000957823 /* Release */ = {
			isa = XCBuildConfiguration;
			buildSettings = {
				ALWAYS_SEARCH_USER_PATHS = NO;
				ASSETCATALOG_COMPILER_GENERATE_SWIFT_ASSET_SYMBOL_EXTENSIONS = YES;
				CLANG_ANALYZER_NONNULL = YES;
				CLANG_ANALYZER_NUMBER_OBJECT_CONVERSION = YES_AGGRESSIVE;
				CLANG_CXX_LANGUAGE_STANDARD = "gnu++20";
				CLANG_ENABLE_MODULES = YES;
				CLANG_ENABLE_OBJC_ARC = YES;
				CLANG_ENABLE_OBJC_WEAK = YES;
				CLANG_WARN_BLOCK_CAPTURE_AUTORELEASING = YES;
				CLANG_WARN_BOOL_CONVERSION = YES;
				CLANG_WARN_COMMA = YES;
				CLANG_WARN_CONSTANT_CONVERSION = YES;
				CLANG_WARN_DEPRECATED_OBJC_IMPLEMENTATIONS = YES;
				CLANG_WARN_DIRECT_OBJC_ISA_USAGE = YES_ERROR;
				CLANG_WARN_DOCUMENTATION_COMMENTS = YES;
				CLANG_WARN_EMPTY_BODY = YES;
				CLANG_WARN_ENUM_CONVERSION = YES;
				CLANG_WARN_INFINITE_RECURSION = YES;
				CLANG_WARN_INT_CONVERSION = YES;
				CLANG_WARN_NON_LITERAL_NULL_CONVERSION = YES;
				CLANG_WARN_OBJC_IMPLICIT_RETAIN_SELF = YES;
				CLANG_WARN_OBJC_LITERAL_CONVERSION = YES;
				CLANG_WARN_OBJC_ROOT_CLASS = YES_ERROR;
				CLANG_WARN_QUOTED_INCLUDE_IN_FRAMEWORK_HEADER = YES;
				CLANG_WARN_RANGE_LOOP_ANALYSIS = YES;
				CLANG_WARN_STRICT_PROTOTYPES = YES;
				CLANG_WARN_SUSPICIOUS_MOVE = YES;
				CLANG_WARN_UNGUARDED_AVAILABILITY = YES_AGGRESSIVE;
				CLANG_WARN_UNREACHABLE_CODE = YES;
				CLANG_WARN__DUPLICATE_METHOD_MATCH = YES;
				COPY_PHASE_STRIP = NO;
				DEBUG_INFORMATION_FORMAT = "dwarf-with-dsym";
				ENABLE_NS_ASSERTIONS = NO;
				ENABLE_STRICT_OBJC_MSGSEND = YES;
				ENABLE_USER_SCRIPT_SANDBOXING = YES;
				GCC_C_LANGUAGE_STANDARD = gnu17;
				GCC_NO_COMMON_BLOCKS = YES;
				GCC_WARN_64_TO_32_BIT_CONVERSION = YES;
				GCC_WARN_ABOUT_RETURN_TYPE = YES_ERROR;
				GCC_WARN_UNDECLARED_SELECTOR = YES;
				GCC_WARN_UNINITIALIZED_AUTOS = YES_AGGRESSIVE;
				GCC_WARN_UNUSED_FUNCTION = YES;
				GCC_WARN_UNUSED_VARIABLE = YES;
				LOCALIZATION_PREFERS_STRING_CATALOGS = YES;
				MACOSX_DEPLOYMENT_TARGET = 13.5;
				MTL_ENABLE_DEBUG_INFO = NO;
				MTL_FAST_MATH = YES;
				SDKROOT = macosx;
			};
			name = Release;
		};
		DBD118AA2AC3EF5000957823 /* Debug */ = {
			isa = XCBuildConfiguration;
			buildSettings = {
				CODE_SIGN_STYLE = Automatic;
				PRODUCT_NAME = "$(TARGET_NAME)";
			};
			name = Debug;
		};
		DBD118AB2AC3EF5000957823 /* Release */ = {
			isa = XCBuildConfiguration;
			buildSettings = {
				CODE_SIGN_STYLE = Automatic;
				PRODUCT_NAME = "$(TARGET_NAME)";
			};
			name = Release;
		};
/* End XCBuildConfiguration section */

/* Begin XCConfigurationList section */
		DBD1189D2AC3EF5000957823 /* Build configuration list for PBXProject "Laptop" */ = {
			isa = XCConfigurationList;
			buildConfigurations = (
				DBD118A72AC3EF5000957823 /* Debug */,
				DBD118A82AC3EF5000957823 /* Release */,
			);
			defaultConfigurationIsVisible = 0;
			defaultConfigurationName = Release;
		};
		DBD118A92AC3EF5000957823 /* Build configuration list for PBXNativeTarget "Laptop" */ = {
			isa = XCConfigurationList;
			buildConfigurations = (
				DBD118AA2AC3EF5000957823 /* Debug */,
				DBD118AB2AC3EF5000957823 /* Release */,
			);
			defaultConfigurationIsVisible = 0;
			defaultConfigurationName = Release;
		};
/* End XCConfigurationList section */
	};
	rootObject = DBD1189A2AC3EF5000957823 /* Project object */;
}
